
Microsoft Visual Studio Solution File, Format Version 12.00
# Visual Studio Version 17
VisualStudioVersion = 17.9.34607.119
MinimumVisualStudioVersion = 10.0.40219.1
Project("{FAE04EC0-301F-11D3-BF4B-00C04F79EFBC}") = "WebApplication1", "WebApplication1\WebApplication1.csproj", "{D3B2B303-BC0E-4E81-BBF6-2E9C7D201FFB}"
EndProject
Global
	GlobalSection(SolutionConfigurationPlatforms) = preSolution
		Debug|Any CPU = Debug|Any CPU
		Release|Any CPU = Release|Any CPU
	EndGlobalSection
	GlobalSection(ProjectConfigurationPlatforms) = postSolution
		{D3B2B303-BC0E-4E81-BBF6-2E9C7D201FFB}.Debug|Any CPU.ActiveCfg = Debug|Any CPU
		{D3B2B303-BC0E-4E81-BBF6-2E9C7D201FFB}.Debug|Any CPU.Build.0 = Debug|Any CPU
		{D3B2B303-BC0E-4E81-BBF6-2E9C7D201FFB}.Release|Any CPU.ActiveCfg = Release|Any CPU
		{D3B2B303-BC0E-4E81-BBF6-2E9C7D201FFB}.Release|Any CPU.Build.0 = Release|Any CPU
	EndGlobalSection
	GlobalSection(SolutionProperties) = preSolution
		HideSolutionNode = FALSE
	EndGlobalSection
	GlobalSection(ExtensibilityGlobals) = postSolution
		SolutionGuid = {039F9532-72C2-4A21-B567-BDB5E9123CB2}
	EndGlobalSection
EndGlobal
